// !$*UTF8*$!
{
	archiveVersion = 1;
	classes = {
	};
	objectVersion = 48;
	objects = {

/* Begin PBXBuildFile section */
		12A39DB5207CBF3100E5E77B /* AppDelegate.m in Sources */ = {isa = PBXBuildFile; fileRef = 12A39DB4207CBF3100E5E77B /* AppDelegate.m */; };
		12A39DB8207CBF3100E5E77B /* ViewController.m in Sources */ = {isa = PBXBuildFile; fileRef = 12A39DB7207CBF3100E5E77B /* ViewController.m */; };
		12A39DBB207CBF3100E5E77B /* Main.storyboard in Resources */ = {isa = PBXBuildFile; fileRef = 12A39DB9207CBF3100E5E77B /* Main.storyboard */; };
		12A39DBD207CBF3100E5E77B /* Assets.xcassets in Resources */ = {isa = PBXBuildFile; fileRef = 12A39DBC207CBF3100E5E77B /* Assets.xcassets */; };
		12A39DC0207CBF3100E5E77B /* LaunchScreen.storyboard in Resources */ = {isa = PBXBuildFile; fileRef = 12A39DBE207CBF3100E5E77B /* LaunchScreen.storyboard */; };
		12A39DC3207CBF3100E5E77B /* main.m in Sources */ = {isa = PBXBuildFile; fileRef = 12A39DC2207CBF3100E5E77B /* main.m */; };
/* End PBXBuildFile section */

/* Begin PBXFileReference section */
		12A39DB0207CBF3100E5E77B /* _objc_msgForwardDemo.app */ = {isa = PBXFileReference; explicitFileType = wrapper.application; includeInIndex = 0; path = _objc_msgForwardDemo.app; sourceTree = BUILT_PRODUCTS_DIR; };
		12A39DB3207CBF3100E5E77B /* AppDelegate.h */ = {isa = PBXFileReference; lastKnownFileType = sourcecode.c.h; path = AppDelegate.h; sourceTree = "<group>"; };
		12A39DB4207CBF3100E5E77B /* AppDelegate.m */ = {isa = PBXFileReference; lastKnownFileType = sourcecode.c.objc; path = AppDelegate.m; sourceTree = "<group>"; };
		12A39DB6207CBF3100E5E77B /* ViewController.h */ = {isa = PBXFileReference; lastKnownFileType = sourcecode.c.h; path = ViewController.h; sourceTree = "<group>"; };
		12A39DB7207CBF3100E5E77B /* ViewController.m */ = {isa = PBXFileReference; lastKnownFileType = sourcecode.c.objc; path = ViewController.m; sourceTree = "<group>"; };
		12A39DBA207CBF3100E5E77B /* Base */ = {isa = PBXFileReference; lastKnownFileType = file.storyboard; name = Base; path = Base.lproj/Main.storyboard; sourceTree = "<group>"; };
		12A39DBC207CBF3100E5E77B /* Assets.xcassets */ = {isa = PBXFileReference; lastKnownFileType = folder.assetcatalog; path = Assets.xcassets; sourceTree = "<group>"; };
		12A39DBF207CBF3100E5E77B /* Base */ = {isa = PBXFileReference; lastKnownFileType = file.storyboard; name = Base; path = Base.lproj/LaunchScreen.storyboard; sourceTree = "<group>"; };
		12A39DC1207CBF3100E5E77B /* Info.plist */ = {isa = PBXFileReference; lastKnownFileType = text.plist.xml; path = Info.plist; sourceTree = "<group>"; };
		12A39DC2207CBF3100E5E77B /* main.m */ = {isa = PBXFileReference; lastKnownFileType = sourcecode.c.objc; path = main.m; sourceTree = "<group>"; };
/* End PBXFileReference section */

/* Begin PBXFrameworksBuildPhase section */
		12A39DAD207CBF3100E5E77B /* Frameworks */ = {
			isa = PBXFrameworksBuildPhase;
			buildActionMask = 2147483647;
			files = (
			);
			runOnlyForDeploymentPostprocessing = 0;
		};
/* End PBXFrameworksBuildPhase section */

/* Begin PBXGroup section */
		12A39DA7207CBF3100E5E77B = {
			isa = PBXGroup;
			children = (
				12A39DB2207CBF3100E5E77B /* _objc_msgForwardDemo */,
				12A39DB1207CBF3100E5E77B /* Products */,
			);
			sourceTree = "<group>";
		};
		12A39DB1207CBF3100E5E77B /* Products */ = {
			isa = PBXGroup;
			children = (
				12A39DB0207CBF3100E5E77B /* _objc_msgForwardDemo.app */,
			);
			name = Products;
			sourceTree = "<group>";
		};
		12A39DB2207CBF3100E5E77B /* _objc_msgForwardDemo */ = {
			isa = PBXGroup;
			children = (
				12A39DB3207CBF3100E5E77B /* AppDelegate.h */,
				12A39DB4207CBF3100E5E77B /* AppDelegate.m */,
				12A39DB6207CBF3100E5E77B /* ViewController.h */,
				12A39DB7207CBF3100E5E77B /* ViewController.m */,
				12A39DB9207CBF3100E5E77B /* Main.storyboard */,
				12A39DBC207CBF3100E5E77B /* Assets.xcassets */,
				12A39DBE207CBF3100E5E77B /* LaunchScreen.storyboard */,
				12A39DC1207CBF3100E5E77B /* Info.plist */,
				12A39DC2207CBF3100E5E77B /* main.m */,
			);
			path = _objc_msgForwardDemo;
			sourceTree = "<group>";
		};
/* End PBXGroup section */

/* Begin PBXNativeTarget section */
		12A39DAF207CBF3100E5E77B /* _objc_msgForwardDemo */ = {
			isa = PBXNativeTarget;
			buildConfigurationList = 12A39DC6207CBF3100E5E77B /* Build configuration list for PBXNativeTarget "_objc_msgForwardDemo" */;
			buildPhases = (
				12A39DAC207CBF3100E5E77B /* Sources */,
				12A39DAD207CBF3100E5E77B /* Frameworks */,
				12A39DAE207CBF3100E5E77B /* Resources */,
			);
			buildRules = (
			);
			dependencies = (
			);
			name = _objc_msgForwardDemo;
			productName = _objc_msgForwardDemo;
			productReference = 12A39DB0207CBF3100E5E77B /* _objc_msgForwardDemo.app */;
			productType = "com.apple.product-type.application";
		};
/* End PBXNativeTarget section */

/* Begin PBXProject section */
		12A39DA8207CBF3100E5E77B /* Project object */ = {
			isa = PBXProject;
			attributes = {
				LastUpgradeCheck = 0920;
				ORGANIZATIONNAME = haorise;
				TargetAttributes = {
					12A39DAF207CBF3100E5E77B = {
						CreatedOnToolsVersion = 9.2;
						ProvisioningStyle = Automatic;
					};
				};
			};
			buildConfigurationList = 12A39DAB207CBF3100E5E77B /* Build configuration list for PBXProject "_objc_msgForwardDemo" */;
			compatibilityVersion = "Xcode 8.0";
			developmentRegion = en;
			hasScannedForEncodings = 0;
			knownRegions = (
				en,
				Base,
			);
			mainGroup = 12A39DA7207CBF3100E5E77B;
			productRefGroup = 12A39DB1207CBF3100E5E77B /* Products */;
			projectDirPath = "";
			projectRoot = "";
			targets = (
				12A39DAF207CBF3100E5E77B /* _objc_msgForwardDemo */,
			);
		};
/* End PBXProject section */

/* Begin PBXResourcesBuildPhase section */
		12A39DAE207CBF3100E5E77B /* Resources */ = {
			isa = PBXResourcesBuildPhase;
			buildActionMask = 2147483647;
			files = (
				12A39DC0207CBF3100E5E77B /* LaunchScreen.storyboard in Resources */,
				12A39DBD207CBF3100E5E77B /* Assets.xcassets in Resources */,
				12A39DBB207CBF3100E5E77B /* Main.storyboard in Resources */,
			);
			runOnlyForDeploymentPostprocessing = 0;
		};
/* End PBXResourcesBuildPhase section */

/* Begin PBXSourcesBuildPhase section */
		12A39DAC207CBF3100E5E77B /* Sources */ = {
			isa = PBXSourcesBuildPhase;
			buildActionMask = 2147483647;
			files = (
				12A39DB8207CBF3100E5E77B /* ViewController.m in Sources */,
				12A39DC3207CBF3100E5E77B /* main.m in Sources */,
				12A39DB5207CBF3100E5E77B /* AppDelegate.m in Sources */,
			);
			runOnlyForDeploymentPostprocessing = 0;
		};
/* End PBXSourcesBuildPhase section */

/* Begin PBXVariantGroup section */
		12A39DB9207CBF3100E5E77B /* Main.storyboard */ = {
			isa = PBXVariantGroup;
			children = (
				12A39DBA207CBF3100E5E77B /* Base */,
			);
			name = Main.storyboard;
			sourceTree = "<group>";
		};
		12A39DBE207CBF3100E5E77B /* LaunchScreen.storyboard */ = {
			isa = PBXVariantGroup;
			children = (
				12A39DBF207CBF3100E5E77B /* Base */,
			);
			name = LaunchScreen.storyboard;
			sourceTree = "<group>";
		};
/* End PBXVariantGroup section */

/* Begin XCBuildConfiguration section */
		12A39DC4207CBF3100E5E77B /* Debug */ = {
			isa = XCBuildConfiguration;
			buildSettings = {
				ALWAYS_SEARCH_USER_PATHS = NO;
				CLANG_ANALYZER_NONNULL = YES;
				CLANG_ANALYZER_NUMBER_OBJECT_CONVERSION = YES_AGGRESSIVE;
				CLANG_CXX_LANGUAGE_STANDARD = "gnu++14";
				CLANG_CXX_LIBRARY = "libc++";
				CLANG_ENABLE_MODULES = YES;
				CLANG_ENABLE_OBJC_ARC = YES;
				CLANG_WARN_BLOCK_CAPTURE_AUTORELEASING = YES;
				CLANG_WARN_BOOL_CONVERSION = YES;
				CLANG_WARN_COMMA = YES;
				CLANG_WARN_CONSTANT_CONVERSION = YES;
				CLANG_WARN_DIRECT_OBJC_ISA_USAGE = YES_ERROR;
				CLANG_WARN_DOCUMENTATION_COMMENTS = YES;
				CLANG_WARN_EMPTY_BODY = YES;
				CLANG_WARN_ENUM_CONVERSION = YES;
				CLANG_WARN_INFINITE_RECURSION = YES;
				CLANG_WARN_INT_CONVERSION = YES;
				CLANG_WARN_NON_LITERAL_NULL_CONVERSION = YES;
				CLANG_WARN_OBJC_LITERAL_CONVERSION = YES;
				CLANG_WARN_OBJC_ROOT_CLASS = YES_ERROR;
				CLANG_WARN_RANGE_LOOP_ANALYSIS = YES;
				CLANG_WARN_STRICT_PROTOTYPES = YES;
				CLANG_WARN_SUSPICIOUS_MOVE = YES;
				CLANG_WARN_UNGUARDED_AVAILABILITY = YES_AGGRESSIVE;
				CLANG_WARN_UNREACHABLE_CODE = YES;
				CLANG_WARN__DUPLICATE_METHOD_MATCH = YES;
				CODE_SIGN_IDENTITY = "iPhone Developer";
				COPY_PHASE_STRIP = NO;
				DEBUG_INFORMATION_FORMAT = dwarf;
				ENABLE_STRICT_OBJC_MSGSEND = YES;
				ENABLE_TESTABILITY = YES;
				GCC_C_LANGUAGE_STANDARD = gnu11;
				GCC_DYNAMIC_NO_PIC = NO;
				GCC_NO_COMMON_BLOCKS = YES;
				GCC_OPTIMIZATION_LEVEL = 0;
				GCC_PREPROCESSOR_DEFINITIONS = (
					"DEBUG=1",
					"$(inherited)",
				);
				GCC_WARN_64_TO_32_BIT_CONVERSION = YES;
				GCC_WARN_ABOUT_RETURN_TYPE = YES_ERROR;
				GCC_WARN_UNDECLARED_SELECTOR = YES;
				GCC_WARN_UNINITIALIZED_AUTOS = YES_AGGRESSIVE;
				GCC_WARN_UNUSED_FUNCTION = YES;
				GCC_WARN_UNUSED_VARIABLE = YES;
				IPHONEOS_DEPLOYMENT_TARGET = 11.2;
				MTL_ENABLE_DEBUG_INFO = YES;
				ONLY_ACTIVE_ARCH = YES;
				SDKROOT = iphoneos;
			};
			name = Debug;
		};
		12A39DC5207CBF3100E5E77B /* Release */ = {
			isa = XCBuildConfiguration;
			buildSettings = {
				ALWAYS_SEARCH_USER_PATHS = NO;
				CLANG_ANALYZER_NONNULL = YES;
				CLANG_ANALYZER_NUMBER_OBJECT_CONVERSION = YES_AGGRESSIVE;
				CLANG_CXX_LANGUAGE_STANDARD = "gnu++14";
				CLANG_CXX_LIBRARY = "libc++";
				CLANG_ENABLE_MODULES = YES;
				CLANG_ENABLE_OBJC_ARC = YES;
				CLANG_WARN_BLOCK_CAPTURE_AUTORELEASING = YES;
				CLANG_WARN_BOOL_CONVERSION = YES;
				CLANG_WARN_COMMA = YES;
				CLANG_WARN_CONSTANT_CONVERSION = YES;
				CLANG_WARN_DIRECT_OBJC_ISA_USAGE = YES_ERROR;
				CLANG_WARN_DOCUMENTATION_COMMENTS = YES;
				CLANG_WARN_EMPTY_BODY = YES;
				CLANG_WARN_ENUM_CONVERSION = YES;
				CLANG_WARN_INFINITE_RECURSION = YES;
				CLANG_WARN_INT_CONVERSION = YES;
				CLANG_WARN_NON_LITERAL_NULL_CONVERSION = YES;
				CLANG_WARN_OBJC_LITERAL_CONVERSION = YES;
				CLANG_WARN_OBJC_ROOT_CLASS = YES_ERROR;
				CLANG_WARN_RANGE_LOOP_ANALYSIS = YES;
				CLANG_WARN_STRICT_PROTOTYPES = YES;
				CLANG_WARN_SUSPICIOUS_MOVE = YES;
				CLANG_WARN_UNGUARDED_AVAILABILITY = YES_AGGRESSIVE;
				CLANG_WARN_UNREACHABLE_CODE = YES;
				CLANG_WARN__DUPLICATE_METHOD_MATCH = YES;
				CODE_SIGN_IDENTITY = "iPhone Developer";
				COPY_PHASE_STRIP = NO;
				DEBUG_INFORMATION_FORMAT = "dwarf-with-dsym";
				ENABLE_NS_ASSERTIONS = NO;
				ENABLE_STRICT_OBJC_MSGSEND = YES;
				GCC_C_LANGUAGE_STANDARD = gnu11;
				GCC_NO_COMMON_BLOCKS = YES;
				GCC_WARN_64_TO_32_BIT_CONVERSION = YES;
				GCC_WARN_ABOUT_RETURN_TYPE = YES_ERROR;
				GCC_WARN_UNDECLARED_SELECTOR = YES;
				GCC_WARN_UNINITIALIZED_AUTOS = YES_AGGRESSIVE;
				GCC_WARN_UNUSED_FUNCTION = YES;
				GCC_WARN_UNUSED_VARIABLE = YES;
				IPHONEOS_DEPLOYMENT_TARGET = 11.2;
				MTL_ENABLE_DEBUG_INFO = NO;
				SDKROOT = iphoneos;
				VALIDATE_PRODUCT = YES;
			};
			name = Release;
		};
		12A39DC7207CBF3100E5E77B /* Debug */ = {
			isa = XCBuildConfiguration;
			buildSettings = {
				ASSETCATALOG_COMPILER_APPICON_NAME = AppIcon;
				CODE_SIGN_STYLE = Automatic;
				INFOPLIST_FILE = _objc_msgForwardDemo/Info.plist;
				LD_RUNPATH_SEARCH_PATHS = "$(inherited) @executable_path/Frameworks";
				PRODUCT_BUNDLE_IDENTIFIER = "haorise.-objc-msgForwardDemo";
				PRODUCT_NAME = "$(TARGET_NAME)";
				TARGETED_DEVICE_FAMILY = "1,2";
			};
			name = Debug;
		};
		12A39DC8207CBF3100E5E77B /* Release */ = {
			isa = XCBuildConfiguration;
			buildSettings = {
				ASSETCATALOG_COMPILER_APPICON_NAME = AppIcon;
				CODE_SIGN_STYLE = Automatic;
				INFOPLIST_FILE = _objc_msgForwardDemo/Info.plist;
				LD_RUNPATH_SEARCH_PATHS = "$(inherited) @executable_path/Frameworks";
				PRODUCT_BUNDLE_IDENTIFIER = "haorise.-objc-msgForwardDemo";
				PRODUCT_NAME = "$(TARGET_NAME)";
				TARGETED_DEVICE_FAMILY = "1,2";
			};
			name = Release;
		};
/* End XCBuildConfiguration section */

/* Begin XCConfigurationList section */
		12A39DAB207CBF3100E5E77B /* Build configuration list for PBXProject "_objc_msgForwardDemo" */ = {
			isa = XCConfigurationList;
			buildConfigurations = (
				12A39DC4207CBF3100E5E77B /* Debug */,
				12A39DC5207CBF3100E5E77B /* Release */,
			);
			defaultConfigurationIsVisible = 0;
			defaultConfigurationName = Release;
		};
		12A39DC6207CBF3100E5E77B /* Build configuration list for PBXNativeTarget "_objc_msgForwardDemo" */ = {
			isa = XCConfigurationList;
			buildConfigurations = (
				12A39DC7207CBF3100E5E77B /* Debug */,
				12A39DC8207CBF3100E5E77B /* Release */,
			);
			defaultConfigurationIsVisible = 0;
			defaultConfigurationName = Release;
		};
/* End XCConfigurationList section */
	};
	rootObject = 12A39DA8207CBF3100E5E77B /* Project object */;
}
